
Microsoft Visual Studio Solution File, Format Version 12.00
# Visual Studio Version 17
VisualStudioVersion = 17.3.32929.385
MinimumVisualStudioVersion = 10.0.40219.1
Project("{9A19103F-16F7-4668-BE54-9A1E7A4F7556}") = "enTicket", "enTicket.csproj", "{AA36CD23-C413-4E36-9F51-52595302FDC7}"
EndProject
Global
	GlobalSection(SolutionConfigurationPlatforms) = preSolution
		Debug|Any CPU = Debug|Any CPU
		Debug|x64 = Debug|x64
		Release|Any CPU = Release|Any CPU
		Release|x64 = Release|x64
	EndGlobalSection
	GlobalSection(ProjectConfigurationPlatforms) = postSolution
		{AA36CD23-C413-4E36-9F51-52595302FDC7}.Debug|Any CPU.ActiveCfg = Release|Any CPU
		{AA36CD23-C413-4E36-9F51-52595302FDC7}.Debug|Any CPU.Build.0 = Release|Any CPU
		{AA36CD23-C413-4E36-9F51-52595302FDC7}.Debug|x64.ActiveCfg = Release|x64
		{AA36CD23-C413-4E36-9F51-52595302FDC7}.Debug|x64.Build.0 = Release|x64
		{AA36CD23-C413-4E36-9F51-52595302FDC7}.Release|Any CPU.ActiveCfg = Release|Any CPU
		{AA36CD23-C413-4E36-9F51-52595302FDC7}.Release|Any CPU.Build.0 = Release|Any CPU
		{AA36CD23-C413-4E36-9F51-52595302FDC7}.Release|x64.ActiveCfg = Release|x64
		{AA36CD23-C413-4E36-9F51-52595302FDC7}.Release|x64.Build.0 = Release|x64
	EndGlobalSection
	GlobalSection(SolutionProperties) = preSolution
		HideSolutionNode = FALSE
	EndGlobalSection
	GlobalSection(ExtensibilityGlobals) = postSolution
		SolutionGuid = {D8802456-CE30-4D25-BF6D-2A628C75D931}
	EndGlobalSection
EndGlobal
